
Microsoft Visual Studio Solution File, Format Version 12.00
# Visual Studio Version 16
VisualStudioVersion = 16.0.30320.27
MinimumVisualStudioVersion = 10.0.40219.1
Project("{FAE04EC0-301F-11D3-BF4B-00C04F79EFBC}") = "CloudPad", "CloudPad\CloudPad.csproj", "{DA270E19-6A00-4F0B-926B-8DF1A26C6D36}"
EndProject
Global
	GlobalSection(SolutionConfigurationPlatforms) = preSolution
		Debug|Any CPU = Debug|Any CPU
		Release|Any CPU = Release|Any CPU
	EndGlobalSection
	GlobalSection(ProjectConfigurationPlatforms) = postSolution
		{DA270E19-6A00-4F0B-926B-8DF1A26C6D36}.Debug|Any CPU.ActiveCfg = Debug|Any CPU
		{DA270E19-6A00-4F0B-926B-8DF1A26C6D36}.Debug|Any CPU.Build.0 = Debug|Any CPU
		{DA270E19-6A00-4F0B-926B-8DF1A26C6D36}.Release|Any CPU.ActiveCfg = Release|Any CPU
		{DA270E19-6A00-4F0B-926B-8DF1A26C6D36}.Release|Any CPU.Build.0 = Release|Any CPU
	EndGlobalSection
	GlobalSection(SolutionProperties) = preSolution
		HideSolutionNode = FALSE
	EndGlobalSection
	GlobalSection(ExtensibilityGlobals) = postSolution
		SolutionGuid = {4237333D-EB73-4479-9636-6C50A1AA9AE7}
	EndGlobalSection
EndGlobal
